// !$*UTF8*$!
{
	archiveVersion = 1;
	classes = {
	};
	objectVersion = 46;
	objects = {

/* Begin PBXBuildFile section */
		E2E147811CE23F4000A5C8BE /* AppDelegate.swift in Sources */ = {isa = PBXBuildFile; fileRef = E2E147801CE23F4000A5C8BE /* AppDelegate.swift */; };
		E2E147861CE23F4000A5C8BE /* Main.storyboard in Resources */ = {isa = PBXBuildFile; fileRef = E2E147841CE23F4000A5C8BE /* Main.storyboard */; };
		E2E147881CE23F4000A5C8BE /* Assets.xcassets in Resources */ = {isa = PBXBuildFile; fileRef = E2E147871CE23F4000A5C8BE /* Assets.xcassets */; };
		E2E1478B1CE23F4000A5C8BE /* LaunchScreen.storyboard in Resources */ = {isa = PBXBuildFile; fileRef = E2E147891CE23F4000A5C8BE /* LaunchScreen.storyboard */; };
		E2E147931CE2412900A5C8BE /* WeekTableViewController.swift in Sources */ = {isa = PBXBuildFile; fileRef = E2E147921CE2412900A5C8BE /* WeekTableViewController.swift */; };
		E2E147951CE25C7D00A5C8BE /* DayDetailViewController.swift in Sources */ = {isa = PBXBuildFile; fileRef = E2E147941CE25C7D00A5C8BE /* DayDetailViewController.swift */; };
/* End PBXBuildFile section */

/* Begin PBXFileReference section */
		E2E1477D1CE23F4000A5C8BE /* tableViewGuidedProject.app */ = {isa = PBXFileReference; explicitFileType = wrapper.application; includeInIndex = 0; path = tableViewGuidedProject.app; sourceTree = BUILT_PRODUCTS_DIR; };
		E2E147801CE23F4000A5C8BE /* AppDelegate.swift */ = {isa = PBXFileReference; lastKnownFileType = sourcecode.swift; path = AppDelegate.swift; sourceTree = "<group>"; };
		E2E147851CE23F4000A5C8BE /* Base */ = {isa = PBXFileReference; lastKnownFileType = file.storyboard; name = Base; path = Base.lproj/Main.storyboard; sourceTree = "<group>"; };
		E2E147871CE23F4000A5C8BE /* Assets.xcassets */ = {isa = PBXFileReference; lastKnownFileType = folder.assetcatalog; path = Assets.xcassets; sourceTree = "<group>"; };
		E2E1478A1CE23F4000A5C8BE /* Base */ = {isa = PBXFileReference; lastKnownFileType = file.storyboard; name = Base; path = Base.lproj/LaunchScreen.storyboard; sourceTree = "<group>"; };
		E2E1478C1CE23F4000A5C8BE /* Info.plist */ = {isa = PBXFileReference; lastKnownFileType = text.plist.xml; path = Info.plist; sourceTree = "<group>"; };
		E2E147921CE2412900A5C8BE /* WeekTableViewController.swift */ = {isa = PBXFileReference; fileEncoding = 4; lastKnownFileType = sourcecode.swift; path = WeekTableViewController.swift; sourceTree = "<group>"; };
		E2E147941CE25C7D00A5C8BE /* DayDetailViewController.swift */ = {isa = PBXFileReference; fileEncoding = 4; lastKnownFileType = sourcecode.swift; path = DayDetailViewController.swift; sourceTree = "<group>"; };
/* End PBXFileReference section */

/* Begin PBXFrameworksBuildPhase section */
		E2E1477A1CE23F4000A5C8BE /* Frameworks */ = {
			isa = PBXFrameworksBuildPhase;
			buildActionMask = 2147483647;
			files = (
			);
			runOnlyForDeploymentPostprocessing = 0;
		};
/* End PBXFrameworksBuildPhase section */

/* Begin PBXGroup section */
		E2E147741CE23F4000A5C8BE = {
			isa = PBXGroup;
			children = (
				E2E1477F1CE23F4000A5C8BE /* tableViewGuidedProject */,
				E2E1477E1CE23F4000A5C8BE /* Products */,
			);
			sourceTree = "<group>";
		};
		E2E1477E1CE23F4000A5C8BE /* Products */ = {
			isa = PBXGroup;
			children = (
				E2E1477D1CE23F4000A5C8BE /* tableViewGuidedProject.app */,
			);
			name = Products;
			sourceTree = "<group>";
		};
		E2E1477F1CE23F4000A5C8BE /* tableViewGuidedProject */ = {
			isa = PBXGroup;
			children = (
				E2E147801CE23F4000A5C8BE /* AppDelegate.swift */,
				E2E147841CE23F4000A5C8BE /* Main.storyboard */,
				E2E147941CE25C7D00A5C8BE /* DayDetailViewController.swift */,
				E2E147921CE2412900A5C8BE /* WeekTableViewController.swift */,
				E2E147871CE23F4000A5C8BE /* Assets.xcassets */,
				E2E147891CE23F4000A5C8BE /* LaunchScreen.storyboard */,
				E2E1478C1CE23F4000A5C8BE /* Info.plist */,
			);
			path = tableViewGuidedProject;
			sourceTree = "<group>";
		};
/* End PBXGroup section */

/* Begin PBXNativeTarget section */
		E2E1477C1CE23F4000A5C8BE /* tableViewGuidedProject */ = {
			isa = PBXNativeTarget;
			buildConfigurationList = E2E1478F1CE23F4000A5C8BE /* Build configuration list for PBXNativeTarget "tableViewGuidedProject" */;
			buildPhases = (
				E2E147791CE23F4000A5C8BE /* Sources */,
				E2E1477A1CE23F4000A5C8BE /* Frameworks */,
				E2E1477B1CE23F4000A5C8BE /* Resources */,
			);
			buildRules = (
			);
			dependencies = (
			);
			name = tableViewGuidedProject;
			productName = tableViewGuidedProject;
			productReference = E2E1477D1CE23F4000A5C8BE /* tableViewGuidedProject.app */;
			productType = "com.apple.product-type.application";
		};
/* End PBXNativeTarget section */

/* Begin PBXProject section */
		E2E147751CE23F4000A5C8BE /* Project object */ = {
			isa = PBXProject;
			attributes = {
				LastSwiftUpdateCheck = 0730;
				LastUpgradeCheck = 0730;
				ORGANIZATIONNAME = BigNerdRanch;
				TargetAttributes = {
					E2E1477C1CE23F4000A5C8BE = {
						CreatedOnToolsVersion = 7.3;
					};
				};
			};
			buildConfigurationList = E2E147781CE23F4000A5C8BE /* Build configuration list for PBXProject "tableViewGuidedProject" */;
			compatibilityVersion = "Xcode 3.2";
			developmentRegion = English;
			hasScannedForEncodings = 0;
			knownRegions = (
				en,
				Base,
			);
			mainGroup = E2E147741CE23F4000A5C8BE;
			productRefGroup = E2E1477E1CE23F4000A5C8BE /* Products */;
			projectDirPath = "";
			projectRoot = "";
			targets = (
				E2E1477C1CE23F4000A5C8BE /* tableViewGuidedProject */,
			);
		};
/* End PBXProject section */

/* Begin PBXResourcesBuildPhase section */
		E2E1477B1CE23F4000A5C8BE /* Resources */ = {
			isa = PBXResourcesBuildPhase;
			buildActionMask = 2147483647;
			files = (
				E2E1478B1CE23F4000A5C8BE /* LaunchScreen.storyboard in Resources */,
				E2E147881CE23F4000A5C8BE /* Assets.xcassets in Resources */,
				E2E147861CE23F4000A5C8BE /* Main.storyboard in Resources */,
			);
			runOnlyForDeploymentPostprocessing = 0;
		};
/* End PBXResourcesBuildPhase section */

/* Begin PBXSourcesBuildPhase section */
		E2E147791CE23F4000A5C8BE /* Sources */ = {
			isa = PBXSourcesBuildPhase;
			buildActionMask = 2147483647;
			files = (
				E2E147951CE25C7D00A5C8BE /* DayDetailViewController.swift in Sources */,
				E2E147811CE23F4000A5C8BE /* AppDelegate.swift in Sources */,
				E2E147931CE2412900A5C8BE /* WeekTableViewController.swift in Sources */,
			);
			runOnlyForDeploymentPostprocessing = 0;
		};
/* End PBXSourcesBuildPhase section */

/* Begin PBXVariantGroup section */
		E2E147841CE23F4000A5C8BE /* Main.storyboard */ = {
			isa = PBXVariantGroup;
			children = (
				E2E147851CE23F4000A5C8BE /* Base */,
			);
			name = Main.storyboard;
			sourceTree = "<group>";
		};
		E2E147891CE23F4000A5C8BE /* LaunchScreen.storyboard */ = {
			isa = PBXVariantGroup;
			children = (
				E2E1478A1CE23F4000A5C8BE /* Base */,
			);
			name = LaunchScreen.storyboard;
			sourceTree = "<group>";
		};
/* End PBXVariantGroup section */

/* Begin XCBuildConfiguration section */
		E2E1478D1CE23F4000A5C8BE /* Debug */ = {
			isa = XCBuildConfiguration;
			buildSettings = {
				ALWAYS_SEARCH_USER_PATHS = NO;
				CLANG_ANALYZER_NONNULL = YES;
				CLANG_CXX_LANGUAGE_STANDARD = "gnu++0x";
				CLANG_CXX_LIBRARY = "libc++";
				CLANG_ENABLE_MODULES = YES;
				CLANG_ENABLE_OBJC_ARC = YES;
				CLANG_WARN_BOOL_CONVERSION = YES;
				CLANG_WARN_CONSTANT_CONVERSION = YES;
				CLANG_WARN_DIRECT_OBJC_ISA_USAGE = YES_ERROR;
				CLANG_WARN_EMPTY_BODY = YES;
				CLANG_WARN_ENUM_CONVERSION = YES;
				CLANG_WARN_INT_CONVERSION = YES;
				CLANG_WARN_OBJC_ROOT_CLASS = YES_ERROR;
				CLANG_WARN_UNREACHABLE_CODE = YES;
				CLANG_WARN__DUPLICATE_METHOD_MATCH = YES;
				"CODE_SIGN_IDENTITY[sdk=iphoneos*]" = "iPhone Developer";
				COPY_PHASE_STRIP = NO;
				DEBUG_INFORMATION_FORMAT = dwarf;
				ENABLE_STRICT_OBJC_MSGSEND = YES;
				ENABLE_TESTABILITY = YES;
				GCC_C_LANGUAGE_STANDARD = gnu99;
				GCC_DYNAMIC_NO_PIC = NO;
				GCC_NO_COMMON_BLOCKS = YES;
				GCC_OPTIMIZATION_LEVEL = 0;
				GCC_PREPROCESSOR_DEFINITIONS = (
					"DEBUG=1",
					"$(inherited)",
				);
				GCC_WARN_64_TO_32_BIT_CONVERSION = YES;
				GCC_WARN_ABOUT_RETURN_TYPE = YES_ERROR;
				GCC_WARN_UNDECLARED_SELECTOR = YES;
				GCC_WARN_UNINITIALIZED_AUTOS = YES_AGGRESSIVE;
				GCC_WARN_UNUSED_FUNCTION = YES;
				GCC_WARN_UNUSED_VARIABLE = YES;
				IPHONEOS_DEPLOYMENT_TARGET = 9.3;
				MTL_ENABLE_DEBUG_INFO = YES;
				ONLY_ACTIVE_ARCH = YES;
				SDKROOT = iphoneos;
				SWIFT_OPTIMIZATION_LEVEL = "-Onone";
			};
			name = Debug;
		};
		E2E1478E1CE23F4000A5C8BE /* Release */ = {
			isa = XCBuildConfiguration;
			buildSettings = {
				ALWAYS_SEARCH_USER_PATHS = NO;
				CLANG_ANALYZER_NONNULL = YES;
				CLANG_CXX_LANGUAGE_STANDARD = "gnu++0x";
				CLANG_CXX_LIBRARY = "libc++";
				CLANG_ENABLE_MODULES = YES;
				CLANG_ENABLE_OBJC_ARC = YES;
				CLANG_WARN_BOOL_CONVERSION = YES;
				CLANG_WARN_CONSTANT_CONVERSION = YES;
				CLANG_WARN_DIRECT_OBJC_ISA_USAGE = YES_ERROR;
				CLANG_WARN_EMPTY_BODY = YES;
				CLANG_WARN_ENUM_CONVERSION = YES;
				CLANG_WARN_INT_CONVERSION = YES;
				CLANG_WARN_OBJC_ROOT_CLASS = YES_ERROR;
				CLANG_WARN_UNREACHABLE_CODE = YES;
				CLANG_WARN__DUPLICATE_METHOD_MATCH = YES;
				"CODE_SIGN_IDENTITY[sdk=iphoneos*]" = "iPhone Developer";
				COPY_PHASE_STRIP = NO;
				DEBUG_INFORMATION_FORMAT = "dwarf-with-dsym";
				ENABLE_NS_ASSERTIONS = NO;
				ENABLE_STRICT_OBJC_MSGSEND = YES;
				GCC_C_LANGUAGE_STANDARD = gnu99;
				GCC_NO_COMMON_BLOCKS = YES;
				GCC_WARN_64_TO_32_BIT_CONVERSION = YES;
				GCC_WARN_ABOUT_RETURN_TYPE = YES_ERROR;
				GCC_WARN_UNDECLARED_SELECTOR = YES;
				GCC_WARN_UNINITIALIZED_AUTOS = YES_AGGRESSIVE;
				GCC_WARN_UNUSED_FUNCTION = YES;
				GCC_WARN_UNUSED_VARIABLE = YES;
				IPHONEOS_DEPLOYMENT_TARGET = 9.3;
				MTL_ENABLE_DEBUG_INFO = NO;
				SDKROOT = iphoneos;
				VALIDATE_PRODUCT = YES;
			};
			name = Release;
		};
		E2E147901CE23F4000A5C8BE /* Debug */ = {
			isa = XCBuildConfiguration;
			buildSettings = {
				ASSETCATALOG_COMPILER_APPICON_NAME = AppIcon;
				INFOPLIST_FILE = tableViewGuidedProject/Info.plist;
				LD_RUNPATH_SEARCH_PATHS = "$(inherited) @executable_path/Frameworks";
				PRODUCT_BUNDLE_IDENTIFIER = com.example.tableViewGuidedProject;
				PRODUCT_NAME = "$(TARGET_NAME)";
			};
			name = Debug;
		};
		E2E147911CE23F4000A5C8BE /* Release */ = {
			isa = XCBuildConfiguration;
			buildSettings = {
				ASSETCATALOG_COMPILER_APPICON_NAME = AppIcon;
				INFOPLIST_FILE = tableViewGuidedProject/Info.plist;
				LD_RUNPATH_SEARCH_PATHS = "$(inherited) @executable_path/Frameworks";
				PRODUCT_BUNDLE_IDENTIFIER = com.example.tableViewGuidedProject;
				PRODUCT_NAME = "$(TARGET_NAME)";
			};
			name = Release;
		};
/* End XCBuildConfiguration section */

/* Begin XCConfigurationList section */
		E2E147781CE23F4000A5C8BE /* Build configuration list for PBXProject "tableViewGuidedProject" */ = {
			isa = XCConfigurationList;
			buildConfigurations = (
				E2E1478D1CE23F4000A5C8BE /* Debug */,
				E2E1478E1CE23F4000A5C8BE /* Release */,
			);
			defaultConfigurationIsVisible = 0;
			defaultConfigurationName = Release;
		};
		E2E1478F1CE23F4000A5C8BE /* Build configuration list for PBXNativeTarget "tableViewGuidedProject" */ = {
			isa = XCConfigurationList;
			buildConfigurations = (
				E2E147901CE23F4000A5C8BE /* Debug */,
				E2E147911CE23F4000A5C8BE /* Release */,
			);
			defaultConfigurationIsVisible = 0;
		};
/* End XCConfigurationList section */
	};
	rootObject = E2E147751CE23F4000A5C8BE /* Project object */;
}
